
Microsoft Visual Studio Solution File, Format Version 12.00
# Visual Studio 15
VisualStudioVersion = 15.0.26228.12
MinimumVisualStudioVersion = 10.0.40219.1
Project("{E24C65DC-7377-472B-9ABA-BC803B73C61A}") = "HTML(1)", ".", "{8B9B489A-E219-4EB2-AD14-19EC1BB08508}"
	ProjectSection(WebsiteProperties) = preProject
		TargetFrameworkMoniker = ".NETFramework,Version%3Dv4.0"
		Debug.AspNetCompiler.VirtualPath = "/localhost_50711"
		Debug.AspNetCompiler.PhysicalPath = "..\..\..\..\..\..\Rohit\spa\HTML\"
		Debug.AspNetCompiler.TargetPath = "PrecompiledWeb\localhost_50711\"
		Debug.AspNetCompiler.Updateable = "true"
		Debug.AspNetCompiler.ForceOverwrite = "true"
		Debug.AspNetCompiler.FixedNames = "false"
		Debug.AspNetCompiler.Debug = "True"
		Release.AspNetCompiler.VirtualPath = "/localhost_50711"
		Release.AspNetCompiler.PhysicalPath = "..\..\..\..\..\..\Rohit\spa\HTML\"
		Release.AspNetCompiler.TargetPath = "PrecompiledWeb\localhost_50711\"
		Release.AspNetCompiler.Updateable = "true"
		Release.AspNetCompiler.ForceOverwrite = "true"
		Release.AspNetCompiler.FixedNames = "false"
		Release.AspNetCompiler.Debug = "False"
		VWDPort = "50711"
	EndProjectSection
EndProject
Global
	GlobalSection(SolutionConfigurationPlatforms) = preSolution
		Debug|Any CPU = Debug|Any CPU
	EndGlobalSection
	GlobalSection(ProjectConfigurationPlatforms) = postSolution
		{8B9B489A-E219-4EB2-AD14-19EC1BB08508}.Debug|Any CPU.ActiveCfg = Debug|Any CPU
		{8B9B489A-E219-4EB2-AD14-19EC1BB08508}.Debug|Any CPU.Build.0 = Debug|Any CPU
	EndGlobalSection
	GlobalSection(SolutionProperties) = preSolution
		HideSolutionNode = FALSE
	EndGlobalSection
EndGlobal
